PODS:
  - ClosureReactor (0.2.5)
  - FBSnapshotTestCase (2.1.4):
    - FBSnapshotTestCase/SwiftSupport (= 2.1.4)
  - FBSnapshotTestCase/Core (2.1.4)
  - FBSnapshotTestCase/SwiftSupport (2.1.4):
    - FBSnapshotTestCase/Core

DEPENDENCIES:
  - ClosureReactor (from `../`)
  - FBSnapshotTestCase (~> 2.1.4)

SPEC REPOS:
  trunk:
    - FBSnapshotTestCase

EXTERNAL SOURCES:
  ClosureReactor:
    :path: "../"

SPEC CHECKSUMS:
  ClosureReactor: 96cea4023c058642781e6ec7fb3f651864acaaec
  FBSnapshotTestCase: 094f9f314decbabe373b87cc339bea235a63e07a

PODFILE CHECKSUM: 8931d22328c9ac5590ca31ece64bd6bbef036129

COCOAPODS: 1.11.2
